
Microsoft Visual Studio Solution File, Format Version 12.00
# Visual Studio 15
VisualStudioVersion = 15.0.28307.1082
MinimumVisualStudioVersion = 10.0.40219.1
Project("{9A19103F-16F7-4668-BE54-9A1E7A4F7556}") = "Patterns", "Patterns\Patterns.csproj", "{0DE71C79-E50E-4185-AB15-1C17D3300CFF}"
EndProject
Project("{9A19103F-16F7-4668-BE54-9A1E7A4F7556}") = "Patterns.Creational", "Patterns.Creational\Patterns.Creational.csproj", "{3EFB4A5F-0ECA-4189-A447-26598175B20F}"
EndProject
Project("{9A19103F-16F7-4668-BE54-9A1E7A4F7556}") = "Patterns.Behavior", "Patterns.Behavior\Patterns.Behavior.csproj", "{E137A6F0-4A4B-4B6F-A96C-7B78AB23C333}"
EndProject
Project("{FAE04EC0-301F-11D3-BF4B-00C04F79EFBC}") = "Patterns.Structural", "Patterns.Structural\Patterns.Structural.csproj", "{3AA76FB3-7DE2-4ACC-BEA3-51666B2115F5}"
EndProject
Global
	GlobalSection(SolutionConfigurationPlatforms) = preSolution
		Debug|Any CPU = Debug|Any CPU
		Release|Any CPU = Release|Any CPU
	EndGlobalSection
	GlobalSection(ProjectConfigurationPlatforms) = postSolution
		{0DE71C79-E50E-4185-AB15-1C17D3300CFF}.Debug|Any CPU.ActiveCfg = Debug|Any CPU
		{0DE71C79-E50E-4185-AB15-1C17D3300CFF}.Debug|Any CPU.Build.0 = Debug|Any CPU
		{0DE71C79-E50E-4185-AB15-1C17D3300CFF}.Release|Any CPU.ActiveCfg = Release|Any CPU
		{0DE71C79-E50E-4185-AB15-1C17D3300CFF}.Release|Any CPU.Build.0 = Release|Any CPU
		{3EFB4A5F-0ECA-4189-A447-26598175B20F}.Debug|Any CPU.ActiveCfg = Debug|Any CPU
		{3EFB4A5F-0ECA-4189-A447-26598175B20F}.Debug|Any CPU.Build.0 = Debug|Any CPU
		{3EFB4A5F-0ECA-4189-A447-26598175B20F}.Release|Any CPU.ActiveCfg = Release|Any CPU
		{3EFB4A5F-0ECA-4189-A447-26598175B20F}.Release|Any CPU.Build.0 = Release|Any CPU
		{E137A6F0-4A4B-4B6F-A96C-7B78AB23C333}.Debug|Any CPU.ActiveCfg = Debug|Any CPU
		{E137A6F0-4A4B-4B6F-A96C-7B78AB23C333}.Debug|Any CPU.Build.0 = Debug|Any CPU
		{E137A6F0-4A4B-4B6F-A96C-7B78AB23C333}.Release|Any CPU.ActiveCfg = Release|Any CPU
		{E137A6F0-4A4B-4B6F-A96C-7B78AB23C333}.Release|Any CPU.Build.0 = Release|Any CPU
		{3AA76FB3-7DE2-4ACC-BEA3-51666B2115F5}.Debug|Any CPU.ActiveCfg = Debug|Any CPU
		{3AA76FB3-7DE2-4ACC-BEA3-51666B2115F5}.Debug|Any CPU.Build.0 = Debug|Any CPU
		{3AA76FB3-7DE2-4ACC-BEA3-51666B2115F5}.Release|Any CPU.ActiveCfg = Release|Any CPU
		{3AA76FB3-7DE2-4ACC-BEA3-51666B2115F5}.Release|Any CPU.Build.0 = Release|Any CPU
	EndGlobalSection
	GlobalSection(SolutionProperties) = preSolution
		HideSolutionNode = FALSE
	EndGlobalSection
	GlobalSection(ExtensibilityGlobals) = postSolution
		SolutionGuid = {0DAB22D9-EB68-467D-B6A2-84EE7A0E02A3}
	EndGlobalSection
EndGlobal
